
Microsoft Visual Studio Solution File, Format Version 12.00
# Visual Studio Version 16
VisualStudioVersion = 16.0.30711.63
MinimumVisualStudioVersion = 10.0.40219.1
Project("{FAE04EC0-301F-11D3-BF4B-00C04F79EFBC}") = "JazzCatsREPO", "JazzCats\JazzCatsREPO.csproj", "{B466DBE7-AB8F-4A68-907D-5F5FC42451BF}"
EndProject
Project("{FAE04EC0-301F-11D3-BF4B-00C04F79EFBC}") = "JazzCatsCONSOLE", "JazzCatsCONSOLE\JazzCatsCONSOLE.csproj", "{DF038603-B604-40A4-B88B-223EFEAAD4F1}"
EndProject
Project("{FAE04EC0-301F-11D3-BF4B-00C04F79EFBC}") = "HoopStars", "JunkYard\HoopStars.csproj", "{64A2DDAB-9D2C-4D85-893C-38F76975B545}"
EndProject
Global
	GlobalSection(SolutionConfigurationPlatforms) = preSolution
		Debug|Any CPU = Debug|Any CPU
		Release|Any CPU = Release|Any CPU
	EndGlobalSection
	GlobalSection(ProjectConfigurationPlatforms) = postSolution
		{B466DBE7-AB8F-4A68-907D-5F5FC42451BF}.Debug|Any CPU.ActiveCfg = Debug|Any CPU
		{B466DBE7-AB8F-4A68-907D-5F5FC42451BF}.Debug|Any CPU.Build.0 = Debug|Any CPU
		{B466DBE7-AB8F-4A68-907D-5F5FC42451BF}.Release|Any CPU.ActiveCfg = Release|Any CPU
		{B466DBE7-AB8F-4A68-907D-5F5FC42451BF}.Release|Any CPU.Build.0 = Release|Any CPU
		{DF038603-B604-40A4-B88B-223EFEAAD4F1}.Debug|Any CPU.ActiveCfg = Debug|Any CPU
		{DF038603-B604-40A4-B88B-223EFEAAD4F1}.Debug|Any CPU.Build.0 = Debug|Any CPU
		{DF038603-B604-40A4-B88B-223EFEAAD4F1}.Release|Any CPU.ActiveCfg = Release|Any CPU
		{DF038603-B604-40A4-B88B-223EFEAAD4F1}.Release|Any CPU.Build.0 = Release|Any CPU
		{64A2DDAB-9D2C-4D85-893C-38F76975B545}.Debug|Any CPU.ActiveCfg = Debug|Any CPU
		{64A2DDAB-9D2C-4D85-893C-38F76975B545}.Debug|Any CPU.Build.0 = Debug|Any CPU
		{64A2DDAB-9D2C-4D85-893C-38F76975B545}.Release|Any CPU.ActiveCfg = Release|Any CPU
		{64A2DDAB-9D2C-4D85-893C-38F76975B545}.Release|Any CPU.Build.0 = Release|Any CPU
	EndGlobalSection
	GlobalSection(SolutionProperties) = preSolution
		HideSolutionNode = FALSE
	EndGlobalSection
	GlobalSection(ExtensibilityGlobals) = postSolution
		SolutionGuid = {5C51C7A2-A9F8-42E3-BE27-FCF5C2226D97}
	EndGlobalSection
EndGlobal
